{
  "version": 4,
  "terraform_version": "1.2.3",
  "serial": 5,
  "lineage": "dd8b5b60-af4a-6ad5-41f5-b8e4772d7178",
  "outputs": {
    "lambda_bucket_name": {
      "value": "learn-terraform-functions-eminently-loosely-robust-egret",
      "type": "string"
    }
  },
  "resources": [
    {
      "mode": "data",
      "type": "archive_file",
      "name": "lambda_hello_world",
      "provider": "provider[\"registry.terraform.io/hashicorp/archive\"]",
      "instances": [
        {
          "schema_version": 0,
          "attributes": {
            "excludes": null,
            "id": "09d8c83c0ee4fd599cc697f84f27535b3db08399",
            "output_base64sha256": "M+Lv3XM5b0rVB5MKJnL2x8aFc7UEyym+PlZlyZOJGnk=",
            "output_file_mode": null,
            "output_md5": "7af8025b50728bc4234fae4e58632246",
            "output_path": "./hello-world.zip",
            "output_sha": "09d8c83c0ee4fd599cc697f84f27535b3db08399",
            "output_size": 361,
            "source": [],
            "source_content": null,
            "source_content_filename": null,
            "source_dir": "./hello-world",
            "source_file": null,
            "type": "zip"
          },
          "sensitive_attributes": []
        }
      ]
    },
    {
      "mode": "managed",
      "type": "aws_s3_bucket",
      "name": "lambda_bucket",
      "provider": "provider[\"registry.terraform.io/hashicorp/aws\"]",
      "instances": [
        {
          "schema_version": 0,
          "attributes": {
            "acceleration_status": "",
            "acl": "private",
            "arn": "arn:aws:s3:::learn-terraform-functions-eminently-loosely-robust-egret",
            "bucket": "learn-terraform-functions-eminently-loosely-robust-egret",
            "bucket_domain_name": "learn-terraform-functions-eminently-loosely-robust-egret.s3.amazonaws.com",
            "bucket_prefix": null,
            "bucket_regional_domain_name": "learn-terraform-functions-eminently-loosely-robust-egret.s3.amazonaws.com",
            "cors_rule": [],
            "force_destroy": true,
            "grant": [
              {
                "id": "c95f6e7f7f691bb639f520e91b355c79aa91b04774aa9fa5c7009ff229df9db3",
                "permissions": [
                  "FULL_CONTROL"
                ],
                "type": "CanonicalUser",
                "uri": ""
              }
            ],
            "hosted_zone_id": "Z3AQBSTGFYJSTF",
            "id": "learn-terraform-functions-eminently-loosely-robust-egret",
            "lifecycle_rule": [],
            "logging": [],
            "object_lock_configuration": [],
            "object_lock_enabled": false,
            "policy": "",
            "region": "us-east-1",
            "replication_configuration": [],
            "request_payer": "BucketOwner",
            "server_side_encryption_configuration": [],
            "tags": {},
            "tags_all": {},
            "versioning": [
              {
                "enabled": false,
                "mfa_delete": false
              }
            ],
            "website": [],
            "website_domain": null,
            "website_endpoint": null
          },
          "sensitive_attributes": [],
          "private": "bnVsbA==",
          "dependencies": [
            "random_pet.lambda_bucket_name"
          ]
        }
      ]
    },
    {
      "mode": "managed",
      "type": "aws_s3_object",
      "name": "lambda_hello_world",
      "provider": "provider[\"registry.terraform.io/hashicorp/aws\"]",
      "instances": [
        {
          "schema_version": 0,
          "attributes": {
            "acl": "private",
            "bucket": "learn-terraform-functions-eminently-loosely-robust-egret",
            "bucket_key_enabled": false,
            "cache_control": "",
            "content": null,
            "content_base64": null,
            "content_disposition": "",
            "content_encoding": "",
            "content_language": "",
            "content_type": "binary/octet-stream",
            "etag": "7af8025b50728bc4234fae4e58632246",
            "force_destroy": false,
            "id": "hello-world.zip",
            "key": "hello-world.zip",
            "kms_key_id": null,
            "metadata": null,
            "object_lock_legal_hold_status": "",
            "object_lock_mode": "",
            "object_lock_retain_until_date": "",
            "server_side_encryption": "",
            "source": "./hello-world.zip",
            "source_hash": null,
            "storage_class": "STANDARD",
            "tags": null,
            "tags_all": {},
            "version_id": "",
            "website_redirect": ""
          },
          "sensitive_attributes": [],
          "private": "bnVsbA==",
          "dependencies": [
            "aws_s3_bucket.lambda_bucket",
            "data.archive_file.lambda_hello_world"
          ]
        }
      ]
    },
    {
      "mode": "managed",
      "type": "random_pet",
      "name": "lambda_bucket_name",
      "provider": "provider[\"registry.terraform.io/hashicorp/random\"]",
      "instances": [
        {
          "schema_version": 0,
          "attributes": {
            "id": "learn-terraform-functions-eminently-loosely-robust-egret",
            "keepers": null,
            "length": 4,
            "prefix": "learn-terraform-functions",
            "separator": "-"
          },
          "sensitive_attributes": [],
          "private": "bnVsbA=="
        }
      ]
    }
  ]
}
